// !$*UTF8*$!
{
	archiveVersion = 1;
	classes = {
	};
	objectVersion = 50;
	objects = {

/* Begin PBXBuildFile section */
		BFD945DF244DC5E80012785A /* AppDelegate.swift in Sources */ = {isa = PBXBuildFile; fileRef = BFD945DE244DC5E80012785A /* AppDelegate.swift */; };
		BFD945E1244DC5E80012785A /* SceneDelegate.swift in Sources */ = {isa = PBXBuildFile; fileRef = BFD945E0244DC5E80012785A /* SceneDelegate.swift */; };
		BFD945E8244DC5EB0012785A /* Assets.xcassets in Resources */ = {isa = PBXBuildFile; fileRef = BFD945E7244DC5EB0012785A /* Assets.xcassets */; };
		BFD945EB244DC5EB0012785A /* LaunchScreen.storyboard in Resources */ = {isa = PBXBuildFile; fileRef = BFD945E9244DC5EB0012785A /* LaunchScreen.storyboard */; };
		BFD945F6244DC5EB0012785A /* IOSEngineerCodeCheckTests.swift in Sources */ = {isa = PBXBuildFile; fileRef = BFD945F5244DC5EB0012785A /* IOSEngineerCodeCheckTests.swift */; };
		BFD94601244DC5EC0012785A /* IOSEngineerCodeCheckUITests.swift in Sources */ = {isa = PBXBuildFile; fileRef = BFD94600244DC5EC0012785A /* IOSEngineerCodeCheckUITests.swift */; };
		DA1F8B9629213ED9002B286C /* RepositoryListCell.swift in Sources */ = {isa = PBXBuildFile; fileRef = DA1F8B9529213ED9002B286C /* RepositoryListCell.swift */; };
		DA2505AB2922136000C31B70 /* Stateful.swift in Sources */ = {isa = PBXBuildFile; fileRef = DA2505AA2922136000C31B70 /* Stateful.swift */; };
		DA2505B42922235200C31B70 /* MessageError.swift in Sources */ = {isa = PBXBuildFile; fileRef = DA2505B32922235200C31B70 /* MessageError.swift */; };
		DA34B641292229D400C052BD /* github-lang-colors.json in Resources */ = {isa = PBXBuildFile; fileRef = DA34B640292229D400C052BD /* github-lang-colors.json */; };
		DA34B6622922492A00C052BD /* GitHubLanguageColor.swift in Sources */ = {isa = PBXBuildFile; fileRef = DA34B6612922492A00C052BD /* GitHubLanguageColor.swift */; };
		DA34B6642922495000C052BD /* Color+hex.swift in Sources */ = {isa = PBXBuildFile; fileRef = DA34B6632922495000C052BD /* Color+hex.swift */; };
		DAE8D9A329191D0600931C32 /* Repository.swift in Sources */ = {isa = PBXBuildFile; fileRef = DAE8D9A229191D0600931C32 /* Repository.swift */; };
		DAE8D9A72919538000931C32 /* SearchResponse.swift in Sources */ = {isa = PBXBuildFile; fileRef = DAE8D9A62919538000931C32 /* SearchResponse.swift */; };
		DAE8D9A92919574700931C32 /* User.swift in Sources */ = {isa = PBXBuildFile; fileRef = DAE8D9A82919574700931C32 /* User.swift */; };
		DAE8D9B12919F2F500931C32 /* HTTPMethod.swift in Sources */ = {isa = PBXBuildFile; fileRef = DAE8D9B02919F2F500931C32 /* HTTPMethod.swift */; };
		DAE8D9B62919F33B00931C32 /* GitHubAPIRequest.swift in Sources */ = {isa = PBXBuildFile; fileRef = DAE8D9B52919F33B00931C32 /* GitHubAPIRequest.swift */; };
		DAE8D9B82919F36000931C32 /* GitHubAPIRequest+SearchRepositories.swift in Sources */ = {isa = PBXBuildFile; fileRef = DAE8D9B72919F36000931C32 /* GitHubAPIRequest+SearchRepositories.swift */; };
		DAE8D9BA2919F38D00931C32 /* GitHubAPIRequestProtocol.swift in Sources */ = {isa = PBXBuildFile; fileRef = DAE8D9B92919F38D00931C32 /* GitHubAPIRequestProtocol.swift */; };
		DAE8D9BC2919FC4500931C32 /* GitHubAPIService.swift in Sources */ = {isa = PBXBuildFile; fileRef = DAE8D9BB2919FC4500931C32 /* GitHubAPIService.swift */; };
		DAE8D9BF2919FC6B00931C32 /* GitHubAPIService+SearchRepositories.swift in Sources */ = {isa = PBXBuildFile; fileRef = DAE8D9BE2919FC6B00931C32 /* GitHubAPIService+SearchRepositories.swift */; };
		DAE8D9C12919FC8800931C32 /* GitHubAPIServiceProtocol.swift in Sources */ = {isa = PBXBuildFile; fileRef = DAE8D9C02919FC8800931C32 /* GitHubAPIServiceProtocol.swift */; };
		DAE8D9C32919FCB000931C32 /* GitHubAPIServiceError.swift in Sources */ = {isa = PBXBuildFile; fileRef = DAE8D9C22919FCB000931C32 /* GitHubAPIServiceError.swift */; };
		DAE8D9C5291A3AB500931C32 /* GitHubAPIError.swift in Sources */ = {isa = PBXBuildFile; fileRef = DAE8D9C4291A3AB500931C32 /* GitHubAPIError.swift */; };
		DAE8D9CF291B7B4100931C32 /* RepositoryListViewModel.swift in Sources */ = {isa = PBXBuildFile; fileRef = DAE8D9CE291B7B4100931C32 /* RepositoryListViewModel.swift */; };
		DAE8D9D2291B84FF00931C32 /* UIAlertController+showAlert.swift in Sources */ = {isa = PBXBuildFile; fileRef = DAE8D9D1291B84FF00931C32 /* UIAlertController+showAlert.swift */; };
		DAE8D9D6291BF03A00931C32 /* SegueIdentifier.swift in Sources */ = {isa = PBXBuildFile; fileRef = DAE8D9D5291BF03A00931C32 /* SegueIdentifier.swift */; };
		DAE8D9D8291BF17600931C32 /* ReusableCellIdentifier.swift in Sources */ = {isa = PBXBuildFile; fileRef = DAE8D9D7291BF17600931C32 /* ReusableCellIdentifier.swift */; };
		DAE8D9E2291C852100931C32 /* NameDescribable.swift in Sources */ = {isa = PBXBuildFile; fileRef = DAE8D9E1291C852100931C32 /* NameDescribable.swift */; };
		DAE8D9EA291F828F00931C32 /* EngineerCodeCheckApp.swift in Sources */ = {isa = PBXBuildFile; fileRef = DAE8D9E9291F828F00931C32 /* EngineerCodeCheckApp.swift */; };
		DAE8D9EC291F82A400931C32 /* ContentView.swift in Sources */ = {isa = PBXBuildFile; fileRef = DAE8D9EB291F82A400931C32 /* ContentView.swift */; };
		DAE8D9F22920ABB300931C32 /* RepositoryListView.swift in Sources */ = {isa = PBXBuildFile; fileRef = DAE8D9F12920ABB300931C32 /* RepositoryListView.swift */; };
		DAEE4CC52920E5E200123CB9 /* Repository+sampleData.swift in Sources */ = {isa = PBXBuildFile; fileRef = DAEE4CC42920E5E200123CB9 /* Repository+sampleData.swift */; };
		DAEE4CC729211D2E00123CB9 /* RepositoryDetailView.swift in Sources */ = {isa = PBXBuildFile; fileRef = DAEE4CC629211D2E00123CB9 /* RepositoryDetailView.swift */; };
/* End PBXBuildFile section */

/* Begin PBXContainerItemProxy section */
		BFD945F2244DC5EB0012785A /* PBXContainerItemProxy */ = {
			isa = PBXContainerItemProxy;
			containerPortal = BFD945D3244DC5E80012785A /* Project object */;
			proxyType = 1;
			remoteGlobalIDString = BFD945DA244DC5E80012785A;
			remoteInfo = iOSEngineerCodeCheck;
		};
		BFD945FD244DC5EB0012785A /* PBXContainerItemProxy */ = {
			isa = PBXContainerItemProxy;
			containerPortal = BFD945D3244DC5E80012785A /* Project object */;
			proxyType = 1;
			remoteGlobalIDString = BFD945DA244DC5E80012785A;
			remoteInfo = iOSEngineerCodeCheck;
		};
/* End PBXContainerItemProxy section */

/* Begin PBXFileReference section */
		BFD945DB244DC5E80012785A /* iOSEngineerCodeCheck.app */ = {isa = PBXFileReference; explicitFileType = wrapper.application; includeInIndex = 0; path = iOSEngineerCodeCheck.app; sourceTree = BUILT_PRODUCTS_DIR; };
		BFD945DE244DC5E80012785A /* AppDelegate.swift */ = {isa = PBXFileReference; lastKnownFileType = sourcecode.swift; path = AppDelegate.swift; sourceTree = "<group>"; };
		BFD945E0244DC5E80012785A /* SceneDelegate.swift */ = {isa = PBXFileReference; lastKnownFileType = sourcecode.swift; path = SceneDelegate.swift; sourceTree = "<group>"; };
		BFD945E7244DC5EB0012785A /* Assets.xcassets */ = {isa = PBXFileReference; lastKnownFileType = folder.assetcatalog; path = Assets.xcassets; sourceTree = "<group>"; };
		BFD945EA244DC5EB0012785A /* Base */ = {isa = PBXFileReference; lastKnownFileType = file.storyboard; name = Base; path = Base.lproj/LaunchScreen.storyboard; sourceTree = "<group>"; };
		BFD945EC244DC5EB0012785A /* Info.plist */ = {isa = PBXFileReference; lastKnownFileType = text.plist.xml; path = Info.plist; sourceTree = "<group>"; };
		BFD945F1244DC5EB0012785A /* iOSEngineerCodeCheckTests.xctest */ = {isa = PBXFileReference; explicitFileType = wrapper.cfbundle; includeInIndex = 0; path = iOSEngineerCodeCheckTests.xctest; sourceTree = BUILT_PRODUCTS_DIR; };
		BFD945F5244DC5EB0012785A /* IOSEngineerCodeCheckTests.swift */ = {isa = PBXFileReference; lastKnownFileType = sourcecode.swift; path = IOSEngineerCodeCheckTests.swift; sourceTree = "<group>"; };
		BFD945F7244DC5EB0012785A /* Info.plist */ = {isa = PBXFileReference; lastKnownFileType = text.plist.xml; path = Info.plist; sourceTree = "<group>"; };
		BFD945FC244DC5EB0012785A /* iOSEngineerCodeCheckUITests.xctest */ = {isa = PBXFileReference; explicitFileType = wrapper.cfbundle; includeInIndex = 0; path = iOSEngineerCodeCheckUITests.xctest; sourceTree = BUILT_PRODUCTS_DIR; };
		BFD94600244DC5EC0012785A /* IOSEngineerCodeCheckUITests.swift */ = {isa = PBXFileReference; lastKnownFileType = sourcecode.swift; path = IOSEngineerCodeCheckUITests.swift; sourceTree = "<group>"; };
		BFD94602244DC5EC0012785A /* Info.plist */ = {isa = PBXFileReference; lastKnownFileType = text.plist.xml; path = Info.plist; sourceTree = "<group>"; };
		DA1F8B9529213ED9002B286C /* RepositoryListCell.swift */ = {isa = PBXFileReference; lastKnownFileType = sourcecode.swift; path = RepositoryListCell.swift; sourceTree = "<group>"; };
		DA2505AA2922136000C31B70 /* Stateful.swift */ = {isa = PBXFileReference; lastKnownFileType = sourcecode.swift; path = Stateful.swift; sourceTree = "<group>"; };
		DA2505B32922235200C31B70 /* MessageError.swift */ = {isa = PBXFileReference; lastKnownFileType = sourcecode.swift; path = MessageError.swift; sourceTree = "<group>"; };
		DA34B640292229D400C052BD /* github-lang-colors.json */ = {isa = PBXFileReference; lastKnownFileType = text.json; path = "github-lang-colors.json"; sourceTree = "<group>"; };
		DA34B6612922492A00C052BD /* GitHubLanguageColor.swift */ = {isa = PBXFileReference; lastKnownFileType = sourcecode.swift; path = GitHubLanguageColor.swift; sourceTree = "<group>"; };
		DA34B6632922495000C052BD /* Color+hex.swift */ = {isa = PBXFileReference; lastKnownFileType = sourcecode.swift; path = "Color+hex.swift"; sourceTree = "<group>"; };
		DAA00AEA2914FABD00EB1481 /* README_Git.md */ = {isa = PBXFileReference; lastKnownFileType = net.daringfireball.markdown; path = README_Git.md; sourceTree = "<group>"; };
		DAA00AEB2915009100EB1481 /* README_SwiftLint.md */ = {isa = PBXFileReference; lastKnownFileType = net.daringfireball.markdown; path = README_SwiftLint.md; sourceTree = "<group>"; };
		DAA00AED291500F700EB1481 /* .swiftlint.yml */ = {isa = PBXFileReference; lastKnownFileType = text.yaml; path = .swiftlint.yml; sourceTree = "<group>"; };
		DAE8D9A229191D0600931C32 /* Repository.swift */ = {isa = PBXFileReference; lastKnownFileType = sourcecode.swift; path = Repository.swift; sourceTree = "<group>"; };
		DAE8D9A62919538000931C32 /* SearchResponse.swift */ = {isa = PBXFileReference; lastKnownFileType = sourcecode.swift; path = SearchResponse.swift; sourceTree = "<group>"; };
		DAE8D9A82919574700931C32 /* User.swift */ = {isa = PBXFileReference; lastKnownFileType = sourcecode.swift; path = User.swift; sourceTree = "<group>"; };
		DAE8D9B02919F2F500931C32 /* HTTPMethod.swift */ = {isa = PBXFileReference; lastKnownFileType = sourcecode.swift; path = HTTPMethod.swift; sourceTree = "<group>"; };
		DAE8D9B52919F33B00931C32 /* GitHubAPIRequest.swift */ = {isa = PBXFileReference; lastKnownFileType = sourcecode.swift; path = GitHubAPIRequest.swift; sourceTree = "<group>"; };
		DAE8D9B72919F36000931C32 /* GitHubAPIRequest+SearchRepositories.swift */ = {isa = PBXFileReference; lastKnownFileType = sourcecode.swift; path = "GitHubAPIRequest+SearchRepositories.swift"; sourceTree = "<group>"; };
		DAE8D9B92919F38D00931C32 /* GitHubAPIRequestProtocol.swift */ = {isa = PBXFileReference; lastKnownFileType = sourcecode.swift; path = GitHubAPIRequestProtocol.swift; sourceTree = "<group>"; };
		DAE8D9BB2919FC4500931C32 /* GitHubAPIService.swift */ = {isa = PBXFileReference; lastKnownFileType = sourcecode.swift; path = GitHubAPIService.swift; sourceTree = "<group>"; };
		DAE8D9BE2919FC6B00931C32 /* GitHubAPIService+SearchRepositories.swift */ = {isa = PBXFileReference; lastKnownFileType = sourcecode.swift; path = "GitHubAPIService+SearchRepositories.swift"; sourceTree = "<group>"; };
		DAE8D9C02919FC8800931C32 /* GitHubAPIServiceProtocol.swift */ = {isa = PBXFileReference; lastKnownFileType = sourcecode.swift; path = GitHubAPIServiceProtocol.swift; sourceTree = "<group>"; };
		DAE8D9C22919FCB000931C32 /* GitHubAPIServiceError.swift */ = {isa = PBXFileReference; lastKnownFileType = sourcecode.swift; path = GitHubAPIServiceError.swift; sourceTree = "<group>"; };
		DAE8D9C4291A3AB500931C32 /* GitHubAPIError.swift */ = {isa = PBXFileReference; lastKnownFileType = sourcecode.swift; path = GitHubAPIError.swift; sourceTree = "<group>"; };
		DAE8D9CE291B7B4100931C32 /* RepositoryListViewModel.swift */ = {isa = PBXFileReference; lastKnownFileType = sourcecode.swift; path = RepositoryListViewModel.swift; sourceTree = "<group>"; };
		DAE8D9D1291B84FF00931C32 /* UIAlertController+showAlert.swift */ = {isa = PBXFileReference; lastKnownFileType = sourcecode.swift; path = "UIAlertController+showAlert.swift"; sourceTree = "<group>"; };
		DAE8D9D5291BF03A00931C32 /* SegueIdentifier.swift */ = {isa = PBXFileReference; lastKnownFileType = sourcecode.swift; path = SegueIdentifier.swift; sourceTree = "<group>"; };
		DAE8D9D7291BF17600931C32 /* ReusableCellIdentifier.swift */ = {isa = PBXFileReference; lastKnownFileType = sourcecode.swift; path = ReusableCellIdentifier.swift; sourceTree = "<group>"; };
		DAE8D9E1291C852100931C32 /* NameDescribable.swift */ = {isa = PBXFileReference; lastKnownFileType = sourcecode.swift; path = NameDescribable.swift; sourceTree = "<group>"; };
		DAE8D9E9291F828F00931C32 /* EngineerCodeCheckApp.swift */ = {isa = PBXFileReference; lastKnownFileType = sourcecode.swift; path = EngineerCodeCheckApp.swift; sourceTree = "<group>"; };
		DAE8D9EB291F82A400931C32 /* ContentView.swift */ = {isa = PBXFileReference; lastKnownFileType = sourcecode.swift; path = ContentView.swift; sourceTree = "<group>"; };
		DAE8D9F12920ABB300931C32 /* RepositoryListView.swift */ = {isa = PBXFileReference; lastKnownFileType = sourcecode.swift; path = RepositoryListView.swift; sourceTree = "<group>"; };
		DAEE4CC42920E5E200123CB9 /* Repository+sampleData.swift */ = {isa = PBXFileReference; lastKnownFileType = sourcecode.swift; path = "Repository+sampleData.swift"; sourceTree = "<group>"; };
		DAEE4CC629211D2E00123CB9 /* RepositoryDetailView.swift */ = {isa = PBXFileReference; fileEncoding = 4; lastKnownFileType = sourcecode.swift; path = RepositoryDetailView.swift; sourceTree = "<group>"; };
/* End PBXFileReference section */

/* Begin PBXFrameworksBuildPhase section */
		BFD945D8244DC5E80012785A /* Frameworks */ = {
			isa = PBXFrameworksBuildPhase;
			buildActionMask = 2147483647;
			files = (
			);
			runOnlyForDeploymentPostprocessing = 0;
		};
		BFD945EE244DC5EB0012785A /* Frameworks */ = {
			isa = PBXFrameworksBuildPhase;
			buildActionMask = 2147483647;
			files = (
			);
			runOnlyForDeploymentPostprocessing = 0;
		};
		BFD945F9244DC5EB0012785A /* Frameworks */ = {
			isa = PBXFrameworksBuildPhase;
			buildActionMask = 2147483647;
			files = (
			);
			runOnlyForDeploymentPostprocessing = 0;
		};
/* End PBXFrameworksBuildPhase section */

/* Begin PBXGroup section */
		BFD945D2244DC5E80012785A = {
			isa = PBXGroup;
			children = (
				DAA00AED291500F700EB1481 /* .swiftlint.yml */,
				DAA00AEB2915009100EB1481 /* README_SwiftLint.md */,
				DAA00AEA2914FABD00EB1481 /* README_Git.md */,
				BFD945DD244DC5E80012785A /* iOSEngineerCodeCheck */,
				BFD945F4244DC5EB0012785A /* iOSEngineerCodeCheckTests */,
				BFD945FF244DC5EB0012785A /* iOSEngineerCodeCheckUITests */,
				BFD945DC244DC5E80012785A /* Products */,
			);
			sourceTree = "<group>";
		};
		BFD945DC244DC5E80012785A /* Products */ = {
			isa = PBXGroup;
			children = (
				BFD945DB244DC5E80012785A /* iOSEngineerCodeCheck.app */,
				BFD945F1244DC5EB0012785A /* iOSEngineerCodeCheckTests.xctest */,
				BFD945FC244DC5EB0012785A /* iOSEngineerCodeCheckUITests.xctest */,
			);
			name = Products;
			sourceTree = "<group>";
		};
		BFD945DD244DC5E80012785A /* iOSEngineerCodeCheck */ = {
			isa = PBXGroup;
			children = (
				DAE8D9E0291C851500931C32 /* Utils */,
				DAE8D9D4291BF02500931C32 /* Constants */,
				DAE8D9D0291B84F400931C32 /* Extensions */,
				DAE8D9AF2919F2ED00931C32 /* Service */,
				DAE8D9D9291C815100931C32 /* Views */,
				DAE8D9CB291AA36C00931C32 /* ViewModels */,
				BFD945DE244DC5E80012785A /* AppDelegate.swift */,
				BFD945E0244DC5E80012785A /* SceneDelegate.swift */,
				BFD945E7244DC5EB0012785A /* Assets.xcassets */,
				BFD945E9244DC5EB0012785A /* LaunchScreen.storyboard */,
				BFD945EC244DC5EB0012785A /* Info.plist */,
				DAE8D9E9291F828F00931C32 /* EngineerCodeCheckApp.swift */,
				DAE8D9EB291F82A400931C32 /* ContentView.swift */,
			);
			path = iOSEngineerCodeCheck;
			sourceTree = "<group>";
		};
		BFD945F4244DC5EB0012785A /* iOSEngineerCodeCheckTests */ = {
			isa = PBXGroup;
			children = (
				BFD945F5244DC5EB0012785A /* IOSEngineerCodeCheckTests.swift */,
				BFD945F7244DC5EB0012785A /* Info.plist */,
			);
			path = iOSEngineerCodeCheckTests;
			sourceTree = "<group>";
		};
		BFD945FF244DC5EB0012785A /* iOSEngineerCodeCheckUITests */ = {
			isa = PBXGroup;
			children = (
				BFD94600244DC5EC0012785A /* IOSEngineerCodeCheckUITests.swift */,
				BFD94602244DC5EC0012785A /* Info.plist */,
			);
			path = iOSEngineerCodeCheckUITests;
			sourceTree = "<group>";
		};
		DA34B6602922491800C052BD /* GitHubLanguageColor */ = {
			isa = PBXGroup;
			children = (
				DA34B6612922492A00C052BD /* GitHubLanguageColor.swift */,
				DA34B6632922495000C052BD /* Color+hex.swift */,
				DA34B640292229D400C052BD /* github-lang-colors.json */,
			);
			path = GitHubLanguageColor;
			sourceTree = "<group>";
		};
		DAE8D9AF2919F2ED00931C32 /* Service */ = {
			isa = PBXGroup;
			children = (
				DAE8D9D3291B8E8700931C32 /* Models */,
				DAE8D9BD2919FC4A00931C32 /* GitHubAPIService */,
				DAE8D9B42919F32000931C32 /* GitHubAPIRequest */,
			);
			path = Service;
			sourceTree = "<group>";
		};
		DAE8D9B42919F32000931C32 /* GitHubAPIRequest */ = {
			isa = PBXGroup;
			children = (
				DAE8D9B02919F2F500931C32 /* HTTPMethod.swift */,
				DAE8D9B92919F38D00931C32 /* GitHubAPIRequestProtocol.swift */,
				DAE8D9B52919F33B00931C32 /* GitHubAPIRequest.swift */,
				DAE8D9B72919F36000931C32 /* GitHubAPIRequest+SearchRepositories.swift */,
			);
			path = GitHubAPIRequest;
			sourceTree = "<group>";
		};
		DAE8D9BD2919FC4A00931C32 /* GitHubAPIService */ = {
			isa = PBXGroup;
			children = (
				DAE8D9C22919FCB000931C32 /* GitHubAPIServiceError.swift */,
				DAE8D9C02919FC8800931C32 /* GitHubAPIServiceProtocol.swift */,
				DAE8D9BB2919FC4500931C32 /* GitHubAPIService.swift */,
				DAE8D9BE2919FC6B00931C32 /* GitHubAPIService+SearchRepositories.swift */,
			);
			path = GitHubAPIService;
			sourceTree = "<group>";
		};
		DAE8D9CB291AA36C00931C32 /* ViewModels */ = {
			isa = PBXGroup;
			children = (
				DAE8D9CE291B7B4100931C32 /* RepositoryListViewModel.swift */,
			);
			path = ViewModels;
			sourceTree = "<group>";
		};
		DAE8D9D0291B84F400931C32 /* Extensions */ = {
			isa = PBXGroup;
			children = (
				DAE8D9D1291B84FF00931C32 /* UIAlertController+showAlert.swift */,
			);
			path = Extensions;
			sourceTree = "<group>";
		};
		DAE8D9D3291B8E8700931C32 /* Models */ = {
			isa = PBXGroup;
			children = (
				DAE8D9C4291A3AB500931C32 /* GitHubAPIError.swift */,
				DAE8D9A62919538000931C32 /* SearchResponse.swift */,
				DAE8D9A229191D0600931C32 /* Repository.swift */,
				DAEE4CC42920E5E200123CB9 /* Repository+sampleData.swift */,
				DAE8D9A82919574700931C32 /* User.swift */,
			);
			path = Models;
			sourceTree = "<group>";
		};
		DAE8D9D4291BF02500931C32 /* Constants */ = {
			isa = PBXGroup;
			children = (
				DAE8D9D5291BF03A00931C32 /* SegueIdentifier.swift */,
				DAE8D9D7291BF17600931C32 /* ReusableCellIdentifier.swift */,
			);
			path = Constants;
			sourceTree = "<group>";
		};
		DAE8D9D9291C815100931C32 /* Views */ = {
			isa = PBXGroup;
			children = (
				DA1F8B9529213ED9002B286C /* RepositoryListCell.swift */,
				DAE8D9F12920ABB300931C32 /* RepositoryListView.swift */,
				DAEE4CC629211D2E00123CB9 /* RepositoryDetailView.swift */,
			);
			path = Views;
			sourceTree = "<group>";
		};
		DAE8D9E0291C851500931C32 /* Utils */ = {
			isa = PBXGroup;
			children = (
				DA34B6602922491800C052BD /* GitHubLanguageColor */,
				DAE8D9E1291C852100931C32 /* NameDescribable.swift */,
				DA2505AA2922136000C31B70 /* Stateful.swift */,
				DA2505B32922235200C31B70 /* MessageError.swift */,
			);
			path = Utils;
			sourceTree = "<group>";
		};
/* End PBXGroup section */

/* Begin PBXNativeTarget section */
		BFD945DA244DC5E80012785A /* iOSEngineerCodeCheck */ = {
			isa = PBXNativeTarget;
			buildConfigurationList = BFD94605244DC5EC0012785A /* Build configuration list for PBXNativeTarget "iOSEngineerCodeCheck" */;
			buildPhases = (
				BFD945D7244DC5E80012785A /* Sources */,
				BFD945D8244DC5E80012785A /* Frameworks */,
				BFD945D9244DC5E80012785A /* Resources */,
				DAA00AEC291500D400EB1481 /* ShellScript */,
			);
			buildRules = (
			);
			dependencies = (
			);
			name = iOSEngineerCodeCheck;
			productName = iOSEngineerCodeCheck;
			productReference = BFD945DB244DC5E80012785A /* iOSEngineerCodeCheck.app */;
			productType = "com.apple.product-type.application";
		};
		BFD945F0244DC5EB0012785A /* iOSEngineerCodeCheckTests */ = {
			isa = PBXNativeTarget;
			buildConfigurationList = BFD94608244DC5EC0012785A /* Build configuration list for PBXNativeTarget "iOSEngineerCodeCheckTests" */;
			buildPhases = (
				BFD945ED244DC5EB0012785A /* Sources */,
				BFD945EE244DC5EB0012785A /* Frameworks */,
				BFD945EF244DC5EB0012785A /* Resources */,
			);
			buildRules = (
			);
			dependencies = (
				BFD945F3244DC5EB0012785A /* PBXTargetDependency */,
			);
			name = iOSEngineerCodeCheckTests;
			productName = iOSEngineerCodeCheckTests;
			productReference = BFD945F1244DC5EB0012785A /* iOSEngineerCodeCheckTests.xctest */;
			productType = "com.apple.product-type.bundle.unit-test";
		};
		BFD945FB244DC5EB0012785A /* iOSEngineerCodeCheckUITests */ = {
			isa = PBXNativeTarget;
			buildConfigurationList = BFD9460B244DC5EC0012785A /* Build configuration list for PBXNativeTarget "iOSEngineerCodeCheckUITests" */;
			buildPhases = (
				BFD945F8244DC5EB0012785A /* Sources */,
				BFD945F9244DC5EB0012785A /* Frameworks */,
				BFD945FA244DC5EB0012785A /* Resources */,
			);
			buildRules = (
			);
			dependencies = (
				BFD945FE244DC5EB0012785A /* PBXTargetDependency */,
			);
			name = iOSEngineerCodeCheckUITests;
			productName = iOSEngineerCodeCheckUITests;
			productReference = BFD945FC244DC5EB0012785A /* iOSEngineerCodeCheckUITests.xctest */;
			productType = "com.apple.product-type.bundle.ui-testing";
		};
/* End PBXNativeTarget section */

/* Begin PBXProject section */
		BFD945D3244DC5E80012785A /* Project object */ = {
			isa = PBXProject;
			attributes = {
				LastSwiftUpdateCheck = 1300;
				LastUpgradeCheck = 1300;
				ORGANIZATIONNAME = "YUMEMI Inc.";
				TargetAttributes = {
					BFD945DA244DC5E80012785A = {
						CreatedOnToolsVersion = 11.4.1;
					};
					BFD945F0244DC5EB0012785A = {
						CreatedOnToolsVersion = 11.4.1;
						TestTargetID = BFD945DA244DC5E80012785A;
					};
					BFD945FB244DC5EB0012785A = {
						CreatedOnToolsVersion = 11.4.1;
						TestTargetID = BFD945DA244DC5E80012785A;
					};
				};
			};
			buildConfigurationList = BFD945D6244DC5E80012785A /* Build configuration list for PBXProject "iOSEngineerCodeCheck" */;
			compatibilityVersion = "Xcode 9.3";
			developmentRegion = en;
			hasScannedForEncodings = 0;
			knownRegions = (
				en,
				Base,
			);
			mainGroup = BFD945D2244DC5E80012785A;
			productRefGroup = BFD945DC244DC5E80012785A /* Products */;
			projectDirPath = "";
			projectRoot = "";
			targets = (
				BFD945DA244DC5E80012785A /* iOSEngineerCodeCheck */,
				BFD945F0244DC5EB0012785A /* iOSEngineerCodeCheckTests */,
				BFD945FB244DC5EB0012785A /* iOSEngineerCodeCheckUITests */,
			);
		};
/* End PBXProject section */

/* Begin PBXResourcesBuildPhase section */
		BFD945D9244DC5E80012785A /* Resources */ = {
			isa = PBXResourcesBuildPhase;
			buildActionMask = 2147483647;
			files = (
				BFD945EB244DC5EB0012785A /* LaunchScreen.storyboard in Resources */,
				BFD945E8244DC5EB0012785A /* Assets.xcassets in Resources */,
				DA34B641292229D400C052BD /* github-lang-colors.json in Resources */,
			);
			runOnlyForDeploymentPostprocessing = 0;
		};
		BFD945EF244DC5EB0012785A /* Resources */ = {
			isa = PBXResourcesBuildPhase;
			buildActionMask = 2147483647;
			files = (
			);
			runOnlyForDeploymentPostprocessing = 0;
		};
		BFD945FA244DC5EB0012785A /* Resources */ = {
			isa = PBXResourcesBuildPhase;
			buildActionMask = 2147483647;
			files = (
			);
			runOnlyForDeploymentPostprocessing = 0;
		};
/* End PBXResourcesBuildPhase section */

/* Begin PBXShellScriptBuildPhase section */
		DAA00AEC291500D400EB1481 /* ShellScript */ = {
			isa = PBXShellScriptBuildPhase;
			buildActionMask = 2147483647;
			files = (
			);
			inputFileListPaths = (
			);
			inputPaths = (
			);
			outputFileListPaths = (
			);
			outputPaths = (
			);
			runOnlyForDeploymentPostprocessing = 0;
			shellPath = /bin/sh;
			shellScript = "# Adds support for Apple Silicon brew directory\nexport PATH=\"$PATH:/opt/homebrew/bin\"\n\nif which swiftlint >/dev/null; then\n  swiftlint autocorrect --format\n  swiftlint\nelse\n  echo \"SwiftLint does not exist, download from https://github.com/realm/SwiftLint\"\nfi\n";
		};
/* End PBXShellScriptBuildPhase section */

/* Begin PBXSourcesBuildPhase section */
		BFD945D7244DC5E80012785A /* Sources */ = {
			isa = PBXSourcesBuildPhase;
			buildActionMask = 2147483647;
			files = (
				DAE8D9C32919FCB000931C32 /* GitHubAPIServiceError.swift in Sources */,
				DAE8D9EC291F82A400931C32 /* ContentView.swift in Sources */,
				DAE8D9B62919F33B00931C32 /* GitHubAPIRequest.swift in Sources */,
				DA2505AB2922136000C31B70 /* Stateful.swift in Sources */,
				DAEE4CC729211D2E00123CB9 /* RepositoryDetailView.swift in Sources */,
				DAE8D9C12919FC8800931C32 /* GitHubAPIServiceProtocol.swift in Sources */,
				DAE8D9D8291BF17600931C32 /* ReusableCellIdentifier.swift in Sources */,
				DAE8D9F22920ABB300931C32 /* RepositoryListView.swift in Sources */,
				DAE8D9CF291B7B4100931C32 /* RepositoryListViewModel.swift in Sources */,
				DAE8D9D2291B84FF00931C32 /* UIAlertController+showAlert.swift in Sources */,
				DAE8D9A72919538000931C32 /* SearchResponse.swift in Sources */,
				DA2505B42922235200C31B70 /* MessageError.swift in Sources */,
				DAE8D9C5291A3AB500931C32 /* GitHubAPIError.swift in Sources */,
				DAE8D9A329191D0600931C32 /* Repository.swift in Sources */,
				DAE8D9B12919F2F500931C32 /* HTTPMethod.swift in Sources */,
				DAE8D9D6291BF03A00931C32 /* SegueIdentifier.swift in Sources */,
				DA1F8B9629213ED9002B286C /* RepositoryListCell.swift in Sources */,
				DAE8D9BF2919FC6B00931C32 /* GitHubAPIService+SearchRepositories.swift in Sources */,
				DAE8D9BA2919F38D00931C32 /* GitHubAPIRequestProtocol.swift in Sources */,
				BFD945DF244DC5E80012785A /* AppDelegate.swift in Sources */,
				DAE8D9EA291F828F00931C32 /* EngineerCodeCheckApp.swift in Sources */,
				BFD945E1244DC5E80012785A /* SceneDelegate.swift in Sources */,
				DAE8D9A92919574700931C32 /* User.swift in Sources */,
				DAE8D9B82919F36000931C32 /* GitHubAPIRequest+SearchRepositories.swift in Sources */,
				DAE8D9BC2919FC4500931C32 /* GitHubAPIService.swift in Sources */,
				DAEE4CC52920E5E200123CB9 /* Repository+sampleData.swift in Sources */,
				DA34B6622922492A00C052BD /* GitHubLanguageColor.swift in Sources */,
				DAE8D9E2291C852100931C32 /* NameDescribable.swift in Sources */,
				DA34B6642922495000C052BD /* Color+hex.swift in Sources */,
			);
			runOnlyForDeploymentPostprocessing = 0;
		};
		BFD945ED244DC5EB0012785A /* Sources */ = {
			isa = PBXSourcesBuildPhase;
			buildActionMask = 2147483647;
			files = (
				BFD945F6244DC5EB0012785A /* IOSEngineerCodeCheckTests.swift in Sources */,
			);
			runOnlyForDeploymentPostprocessing = 0;
		};
		BFD945F8244DC5EB0012785A /* Sources */ = {
			isa = PBXSourcesBuildPhase;
			buildActionMask = 2147483647;
			files = (
				BFD94601244DC5EC0012785A /* IOSEngineerCodeCheckUITests.swift in Sources */,
			);
			runOnlyForDeploymentPostprocessing = 0;
		};
/* End PBXSourcesBuildPhase section */

/* Begin PBXTargetDependency section */
		BFD945F3244DC5EB0012785A /* PBXTargetDependency */ = {
			isa = PBXTargetDependency;
			target = BFD945DA244DC5E80012785A /* iOSEngineerCodeCheck */;
			targetProxy = BFD945F2244DC5EB0012785A /* PBXContainerItemProxy */;
		};
		BFD945FE244DC5EB0012785A /* PBXTargetDependency */ = {
			isa = PBXTargetDependency;
			target = BFD945DA244DC5E80012785A /* iOSEngineerCodeCheck */;
			targetProxy = BFD945FD244DC5EB0012785A /* PBXContainerItemProxy */;
		};
/* End PBXTargetDependency section */

/* Begin PBXVariantGroup section */
		BFD945E9244DC5EB0012785A /* LaunchScreen.storyboard */ = {
			isa = PBXVariantGroup;
			children = (
				BFD945EA244DC5EB0012785A /* Base */,
			);
			name = LaunchScreen.storyboard;
			sourceTree = "<group>";
		};
/* End PBXVariantGroup section */

/* Begin XCBuildConfiguration section */
		BFD94603244DC5EC0012785A /* Debug */ = {
			isa = XCBuildConfiguration;
			buildSettings = {
				ALWAYS_SEARCH_USER_PATHS = NO;
				CLANG_ANALYZER_NONNULL = YES;
				CLANG_ANALYZER_NUMBER_OBJECT_CONVERSION = YES_AGGRESSIVE;
				CLANG_CXX_LANGUAGE_STANDARD = "gnu++14";
				CLANG_CXX_LIBRARY = "libc++";
				CLANG_ENABLE_MODULES = YES;
				CLANG_ENABLE_OBJC_ARC = YES;
				CLANG_ENABLE_OBJC_WEAK = YES;
				CLANG_WARN_BLOCK_CAPTURE_AUTORELEASING = YES;
				CLANG_WARN_BOOL_CONVERSION = YES;
				CLANG_WARN_COMMA = YES;
				CLANG_WARN_CONSTANT_CONVERSION = YES;
				CLANG_WARN_DEPRECATED_OBJC_IMPLEMENTATIONS = YES;
				CLANG_WARN_DIRECT_OBJC_ISA_USAGE = YES_ERROR;
				CLANG_WARN_DOCUMENTATION_COMMENTS = YES;
				CLANG_WARN_EMPTY_BODY = YES;
				CLANG_WARN_ENUM_CONVERSION = YES;
				CLANG_WARN_INFINITE_RECURSION = YES;
				CLANG_WARN_INT_CONVERSION = YES;
				CLANG_WARN_NON_LITERAL_NULL_CONVERSION = YES;
				CLANG_WARN_OBJC_IMPLICIT_RETAIN_SELF = YES;
				CLANG_WARN_OBJC_LITERAL_CONVERSION = YES;
				CLANG_WARN_OBJC_ROOT_CLASS = YES_ERROR;
				CLANG_WARN_QUOTED_INCLUDE_IN_FRAMEWORK_HEADER = YES;
				CLANG_WARN_RANGE_LOOP_ANALYSIS = YES;
				CLANG_WARN_STRICT_PROTOTYPES = YES;
				CLANG_WARN_SUSPICIOUS_MOVE = YES;
				CLANG_WARN_UNGUARDED_AVAILABILITY = YES_AGGRESSIVE;
				CLANG_WARN_UNREACHABLE_CODE = YES;
				CLANG_WARN__DUPLICATE_METHOD_MATCH = YES;
				COPY_PHASE_STRIP = NO;
				DEBUG_INFORMATION_FORMAT = dwarf;
				ENABLE_STRICT_OBJC_MSGSEND = YES;
				ENABLE_TESTABILITY = YES;
				GCC_C_LANGUAGE_STANDARD = gnu11;
				GCC_DYNAMIC_NO_PIC = NO;
				GCC_NO_COMMON_BLOCKS = YES;
				GCC_OPTIMIZATION_LEVEL = 0;
				GCC_PREPROCESSOR_DEFINITIONS = (
					"DEBUG=1",
					"$(inherited)",
				);
				GCC_WARN_64_TO_32_BIT_CONVERSION = YES;
				GCC_WARN_ABOUT_RETURN_TYPE = YES_ERROR;
				GCC_WARN_UNDECLARED_SELECTOR = YES;
				GCC_WARN_UNINITIALIZED_AUTOS = YES_AGGRESSIVE;
				GCC_WARN_UNUSED_FUNCTION = YES;
				GCC_WARN_UNUSED_VARIABLE = YES;
				IPHONEOS_DEPLOYMENT_TARGET = 15.0;
				MTL_ENABLE_DEBUG_INFO = INCLUDE_SOURCE;
				MTL_FAST_MATH = YES;
				ONLY_ACTIVE_ARCH = YES;
				SDKROOT = iphoneos;
				SWIFT_ACTIVE_COMPILATION_CONDITIONS = DEBUG;
				SWIFT_OPTIMIZATION_LEVEL = "-Onone";
			};
			name = Debug;
		};
		BFD94604244DC5EC0012785A /* Release */ = {
			isa = XCBuildConfiguration;
			buildSettings = {
				ALWAYS_SEARCH_USER_PATHS = NO;
				CLANG_ANALYZER_NONNULL = YES;
				CLANG_ANALYZER_NUMBER_OBJECT_CONVERSION = YES_AGGRESSIVE;
				CLANG_CXX_LANGUAGE_STANDARD = "gnu++14";
				CLANG_CXX_LIBRARY = "libc++";
				CLANG_ENABLE_MODULES = YES;
				CLANG_ENABLE_OBJC_ARC = YES;
				CLANG_ENABLE_OBJC_WEAK = YES;
				CLANG_WARN_BLOCK_CAPTURE_AUTORELEASING = YES;
				CLANG_WARN_BOOL_CONVERSION = YES;
				CLANG_WARN_COMMA = YES;
				CLANG_WARN_CONSTANT_CONVERSION = YES;
				CLANG_WARN_DEPRECATED_OBJC_IMPLEMENTATIONS = YES;
				CLANG_WARN_DIRECT_OBJC_ISA_USAGE = YES_ERROR;
				CLANG_WARN_DOCUMENTATION_COMMENTS = YES;
				CLANG_WARN_EMPTY_BODY = YES;
				CLANG_WARN_ENUM_CONVERSION = YES;
				CLANG_WARN_INFINITE_RECURSION = YES;
				CLANG_WARN_INT_CONVERSION = YES;
				CLANG_WARN_NON_LITERAL_NULL_CONVERSION = YES;
				CLANG_WARN_OBJC_IMPLICIT_RETAIN_SELF = YES;
				CLANG_WARN_OBJC_LITERAL_CONVERSION = YES;
				CLANG_WARN_OBJC_ROOT_CLASS = YES_ERROR;
				CLANG_WARN_QUOTED_INCLUDE_IN_FRAMEWORK_HEADER = YES;
				CLANG_WARN_RANGE_LOOP_ANALYSIS = YES;
				CLANG_WARN_STRICT_PROTOTYPES = YES;
				CLANG_WARN_SUSPICIOUS_MOVE = YES;
				CLANG_WARN_UNGUARDED_AVAILABILITY = YES_AGGRESSIVE;
				CLANG_WARN_UNREACHABLE_CODE = YES;
				CLANG_WARN__DUPLICATE_METHOD_MATCH = YES;
				COPY_PHASE_STRIP = NO;
				DEBUG_INFORMATION_FORMAT = "dwarf-with-dsym";
				ENABLE_NS_ASSERTIONS = NO;
				ENABLE_STRICT_OBJC_MSGSEND = YES;
				GCC_C_LANGUAGE_STANDARD = gnu11;
				GCC_NO_COMMON_BLOCKS = YES;
				GCC_WARN_64_TO_32_BIT_CONVERSION = YES;
				GCC_WARN_ABOUT_RETURN_TYPE = YES_ERROR;
				GCC_WARN_UNDECLARED_SELECTOR = YES;
				GCC_WARN_UNINITIALIZED_AUTOS = YES_AGGRESSIVE;
				GCC_WARN_UNUSED_FUNCTION = YES;
				GCC_WARN_UNUSED_VARIABLE = YES;
				IPHONEOS_DEPLOYMENT_TARGET = 15.0;
				MTL_ENABLE_DEBUG_INFO = NO;
				MTL_FAST_MATH = YES;
				SDKROOT = iphoneos;
				SWIFT_COMPILATION_MODE = wholemodule;
				SWIFT_OPTIMIZATION_LEVEL = "-O";
				VALIDATE_PRODUCT = YES;
			};
			name = Release;
		};
		BFD94606244DC5EC0012785A /* Debug */ = {
			isa = XCBuildConfiguration;
			buildSettings = {
				ASSETCATALOG_COMPILER_APPICON_NAME = AppIcon;
				CODE_SIGN_STYLE = Automatic;
				DEVELOPMENT_TEAM = "";
				INFOPLIST_FILE = iOSEngineerCodeCheck/Info.plist;
				IPHONEOS_DEPLOYMENT_TARGET = 16.1;
				LD_RUNPATH_SEARCH_PATHS = (
					"$(inherited)",
					"@executable_path/Frameworks",
				);
				PRODUCT_BUNDLE_IDENTIFIER = jp.yumemi.iOSEngineerCodeCheck;
				PRODUCT_NAME = "$(TARGET_NAME)";
				SWIFT_VERSION = 5.0;
				TARGETED_DEVICE_FAMILY = "1,2";
			};
			name = Debug;
		};
		BFD94607244DC5EC0012785A /* Release */ = {
			isa = XCBuildConfiguration;
			buildSettings = {
				ASSETCATALOG_COMPILER_APPICON_NAME = AppIcon;
				CODE_SIGN_STYLE = Automatic;
				DEVELOPMENT_TEAM = "";
				EXCLUDED_SOURCE_FILE_NAMES = "*+sampleData.swift";
				INFOPLIST_FILE = iOSEngineerCodeCheck/Info.plist;
				IPHONEOS_DEPLOYMENT_TARGET = 16.1;
				LD_RUNPATH_SEARCH_PATHS = (
					"$(inherited)",
					"@executable_path/Frameworks",
				);
				PRODUCT_BUNDLE_IDENTIFIER = jp.yumemi.iOSEngineerCodeCheck;
				PRODUCT_NAME = "$(TARGET_NAME)";
				SWIFT_VERSION = 5.0;
				TARGETED_DEVICE_FAMILY = "1,2";
			};
			name = Release;
		};
		BFD94609244DC5EC0012785A /* Debug */ = {
			isa = XCBuildConfiguration;
			buildSettings = {
				ALWAYS_EMBED_SWIFT_STANDARD_LIBRARIES = YES;
				BUNDLE_LOADER = "$(TEST_HOST)";
				CODE_SIGN_STYLE = Automatic;
				DEVELOPMENT_TEAM = S7G9J68NLX;
				INFOPLIST_FILE = iOSEngineerCodeCheckTests/Info.plist;
				LD_RUNPATH_SEARCH_PATHS = (
					"$(inherited)",
					"@executable_path/Frameworks",
					"@loader_path/Frameworks",
				);
				PRODUCT_BUNDLE_IDENTIFIER = jp.yumemi.iOSEngineerCodeCheckTests;
				PRODUCT_NAME = "$(TARGET_NAME)";
				SWIFT_VERSION = 5.0;
				TARGETED_DEVICE_FAMILY = "1,2";
				TEST_HOST = "$(BUILT_PRODUCTS_DIR)/iOSEngineerCodeCheck.app/iOSEngineerCodeCheck";
			};
			name = Debug;
		};
		BFD9460A244DC5EC0012785A /* Release */ = {
			isa = XCBuildConfiguration;
			buildSettings = {
				ALWAYS_EMBED_SWIFT_STANDARD_LIBRARIES = YES;
				BUNDLE_LOADER = "$(TEST_HOST)";
				CODE_SIGN_STYLE = Automatic;
				DEVELOPMENT_TEAM = S7G9J68NLX;
				INFOPLIST_FILE = iOSEngineerCodeCheckTests/Info.plist;
				LD_RUNPATH_SEARCH_PATHS = (
					"$(inherited)",
					"@executable_path/Frameworks",
					"@loader_path/Frameworks",
				);
				PRODUCT_BUNDLE_IDENTIFIER = jp.yumemi.iOSEngineerCodeCheckTests;
				PRODUCT_NAME = "$(TARGET_NAME)";
				SWIFT_VERSION = 5.0;
				TARGETED_DEVICE_FAMILY = "1,2";
				TEST_HOST = "$(BUILT_PRODUCTS_DIR)/iOSEngineerCodeCheck.app/iOSEngineerCodeCheck";
			};
			name = Release;
		};
		BFD9460C244DC5EC0012785A /* Debug */ = {
			isa = XCBuildConfiguration;
			buildSettings = {
				ALWAYS_EMBED_SWIFT_STANDARD_LIBRARIES = YES;
				CODE_SIGN_STYLE = Automatic;
				DEVELOPMENT_TEAM = S7G9J68NLX;
				INFOPLIST_FILE = iOSEngineerCodeCheckUITests/Info.plist;
				LD_RUNPATH_SEARCH_PATHS = (
					"$(inherited)",
					"@executable_path/Frameworks",
					"@loader_path/Frameworks",
				);
				PRODUCT_BUNDLE_IDENTIFIER = jp.yumemi.iOSEngineerCodeCheckUITests;
				PRODUCT_NAME = "$(TARGET_NAME)";
				SWIFT_VERSION = 5.0;
				TARGETED_DEVICE_FAMILY = "1,2";
				TEST_TARGET_NAME = iOSEngineerCodeCheck;
			};
			name = Debug;
		};
		BFD9460D244DC5EC0012785A /* Release */ = {
			isa = XCBuildConfiguration;
			buildSettings = {
				ALWAYS_EMBED_SWIFT_STANDARD_LIBRARIES = YES;
				CODE_SIGN_STYLE = Automatic;
				DEVELOPMENT_TEAM = S7G9J68NLX;
				INFOPLIST_FILE = iOSEngineerCodeCheckUITests/Info.plist;
				LD_RUNPATH_SEARCH_PATHS = (
					"$(inherited)",
					"@executable_path/Frameworks",
					"@loader_path/Frameworks",
				);
				PRODUCT_BUNDLE_IDENTIFIER = jp.yumemi.iOSEngineerCodeCheckUITests;
				PRODUCT_NAME = "$(TARGET_NAME)";
				SWIFT_VERSION = 5.0;
				TARGETED_DEVICE_FAMILY = "1,2";
				TEST_TARGET_NAME = iOSEngineerCodeCheck;
			};
			name = Release;
		};
/* End XCBuildConfiguration section */

/* Begin XCConfigurationList section */
		BFD945D6244DC5E80012785A /* Build configuration list for PBXProject "iOSEngineerCodeCheck" */ = {
			isa = XCConfigurationList;
			buildConfigurations = (
				BFD94603244DC5EC0012785A /* Debug */,
				BFD94604244DC5EC0012785A /* Release */,
			);
			defaultConfigurationIsVisible = 0;
			defaultConfigurationName = Release;
		};
		BFD94605244DC5EC0012785A /* Build configuration list for PBXNativeTarget "iOSEngineerCodeCheck" */ = {
			isa = XCConfigurationList;
			buildConfigurations = (
				BFD94606244DC5EC0012785A /* Debug */,
				BFD94607244DC5EC0012785A /* Release */,
			);
			defaultConfigurationIsVisible = 0;
			defaultConfigurationName = Release;
		};
		BFD94608244DC5EC0012785A /* Build configuration list for PBXNativeTarget "iOSEngineerCodeCheckTests" */ = {
			isa = XCConfigurationList;
			buildConfigurations = (
				BFD94609244DC5EC0012785A /* Debug */,
				BFD9460A244DC5EC0012785A /* Release */,
			);
			defaultConfigurationIsVisible = 0;
			defaultConfigurationName = Release;
		};
		BFD9460B244DC5EC0012785A /* Build configuration list for PBXNativeTarget "iOSEngineerCodeCheckUITests" */ = {
			isa = XCConfigurationList;
			buildConfigurations = (
				BFD9460C244DC5EC0012785A /* Debug */,
				BFD9460D244DC5EC0012785A /* Release */,
			);
			defaultConfigurationIsVisible = 0;
			defaultConfigurationName = Release;
		};
/* End XCConfigurationList section */
	};
	rootObject = BFD945D3244DC5E80012785A /* Project object */;
}
